
Microsoft Visual Studio Solution File, Format Version 12.00
# Visual Studio Version 17
VisualStudioVersion = 17.5.33627.172
MinimumVisualStudioVersion = 10.0.40219.1
Project("{2150E333-8FDC-42A3-9474-1A3956D46DE8}") = "CQRS_CMD", "CQRS_CMD", "{1E7E1058-6165-4FCE-8F81-D59ECDFF2046}"
EndProject
Project("{2150E333-8FDC-42A3-9474-1A3956D46DE8}") = "SM_POST", "SM_POST", "{B121A647-E180-4269-B01E-E011F15A7E9F}"
EndProject
Project("{FAE04EC0-301F-11D3-BF4B-00C04F79EFBC}") = "CQRS_Core", "CQRS_Core\CQRS_Core.csproj", "{4E563677-E4A9-4029-AD0C-09A4C5A9B4A6}"
EndProject
Project("{2150E333-8FDC-42A3-9474-1A3956D46DE8}") = "POST_CMD", "POST_CMD", "{13194355-DA3E-40B2-8DD4-85C4305C04EB}"
EndProject
Project("{2150E333-8FDC-42A3-9474-1A3956D46DE8}") = "POST_QUERY", "POST_QUERY", "{67168EB8-9364-41C4-835C-9CF67E04DBB2}"
EndProject
Project("{FAE04EC0-301F-11D3-BF4B-00C04F79EFBC}") = "POST_CMD_API", "POST_CMD_API\POST_CMD_API.csproj", "{1EB33ECB-8026-4B0A-A26D-B217309304CF}"
EndProject
Project("{FAE04EC0-301F-11D3-BF4B-00C04F79EFBC}") = "POST_CMD_DOMAIN", "POST_CMD_DOMAIN\POST_CMD_DOMAIN.csproj", "{5A5546EF-D84E-4B79-8A81-61182B2BCFDF}"
EndProject
Project("{FAE04EC0-301F-11D3-BF4B-00C04F79EFBC}") = "POST_CMD_INFRASTRUCTURE", "POST_CMD_INFRASTRUCTURE\POST_CMD_INFRASTRUCTURE.csproj", "{859180E1-395C-4376-9E90-844F58A0B7C6}"
EndProject
Project("{FAE04EC0-301F-11D3-BF4B-00C04F79EFBC}") = "POST_QUERY_API", "POST_QUERY_API\POST_QUERY_API.csproj", "{E728B8BC-7090-41DC-BCC4-F50606DB35C5}"
EndProject
Project("{FAE04EC0-301F-11D3-BF4B-00C04F79EFBC}") = "POST_QUERY_DOMAIN", "POST_QUERY_DOMAIN\POST_QUERY_DOMAIN.csproj", "{59A8732D-D597-4D8F-BB22-6EB1A077D76B}"
EndProject
Project("{FAE04EC0-301F-11D3-BF4B-00C04F79EFBC}") = "POST_QUERY_INFRASTRUCTURE", "POST_QUERY_INFRASTRUCTURE\POST_QUERY_INFRASTRUCTURE.csproj", "{716BFF2A-DCEA-4E41-832E-A5F3D7840B50}"
EndProject
Project("{FAE04EC0-301F-11D3-BF4B-00C04F79EFBC}") = "POST_COMMON", "POST_COMMON\POST_COMMON.csproj", "{719C750A-84D9-44A4-BC56-573B9E6E063E}"
EndProject
Global
	GlobalSection(SolutionConfigurationPlatforms) = preSolution
		Debug|Any CPU = Debug|Any CPU
		Release|Any CPU = Release|Any CPU
	EndGlobalSection
	GlobalSection(ProjectConfigurationPlatforms) = postSolution
		{4E563677-E4A9-4029-AD0C-09A4C5A9B4A6}.Debug|Any CPU.ActiveCfg = Debug|Any CPU
		{4E563677-E4A9-4029-AD0C-09A4C5A9B4A6}.Debug|Any CPU.Build.0 = Debug|Any CPU
		{4E563677-E4A9-4029-AD0C-09A4C5A9B4A6}.Release|Any CPU.ActiveCfg = Release|Any CPU
		{4E563677-E4A9-4029-AD0C-09A4C5A9B4A6}.Release|Any CPU.Build.0 = Release|Any CPU
		{1EB33ECB-8026-4B0A-A26D-B217309304CF}.Debug|Any CPU.ActiveCfg = Debug|Any CPU
		{1EB33ECB-8026-4B0A-A26D-B217309304CF}.Debug|Any CPU.Build.0 = Debug|Any CPU
		{1EB33ECB-8026-4B0A-A26D-B217309304CF}.Release|Any CPU.ActiveCfg = Release|Any CPU
		{1EB33ECB-8026-4B0A-A26D-B217309304CF}.Release|Any CPU.Build.0 = Release|Any CPU
		{5A5546EF-D84E-4B79-8A81-61182B2BCFDF}.Debug|Any CPU.ActiveCfg = Debug|Any CPU
		{5A5546EF-D84E-4B79-8A81-61182B2BCFDF}.Debug|Any CPU.Build.0 = Debug|Any CPU
		{5A5546EF-D84E-4B79-8A81-61182B2BCFDF}.Release|Any CPU.ActiveCfg = Release|Any CPU
		{5A5546EF-D84E-4B79-8A81-61182B2BCFDF}.Release|Any CPU.Build.0 = Release|Any CPU
		{859180E1-395C-4376-9E90-844F58A0B7C6}.Debug|Any CPU.ActiveCfg = Debug|Any CPU
		{859180E1-395C-4376-9E90-844F58A0B7C6}.Debug|Any CPU.Build.0 = Debug|Any CPU
		{859180E1-395C-4376-9E90-844F58A0B7C6}.Release|Any CPU.ActiveCfg = Release|Any CPU
		{859180E1-395C-4376-9E90-844F58A0B7C6}.Release|Any CPU.Build.0 = Release|Any CPU
		{E728B8BC-7090-41DC-BCC4-F50606DB35C5}.Debug|Any CPU.ActiveCfg = Debug|Any CPU
		{E728B8BC-7090-41DC-BCC4-F50606DB35C5}.Debug|Any CPU.Build.0 = Debug|Any CPU
		{E728B8BC-7090-41DC-BCC4-F50606DB35C5}.Release|Any CPU.ActiveCfg = Release|Any CPU
		{E728B8BC-7090-41DC-BCC4-F50606DB35C5}.Release|Any CPU.Build.0 = Release|Any CPU
		{59A8732D-D597-4D8F-BB22-6EB1A077D76B}.Debug|Any CPU.ActiveCfg = Debug|Any CPU
		{59A8732D-D597-4D8F-BB22-6EB1A077D76B}.Debug|Any CPU.Build.0 = Debug|Any CPU
		{59A8732D-D597-4D8F-BB22-6EB1A077D76B}.Release|Any CPU.ActiveCfg = Release|Any CPU
		{59A8732D-D597-4D8F-BB22-6EB1A077D76B}.Release|Any CPU.Build.0 = Release|Any CPU
		{716BFF2A-DCEA-4E41-832E-A5F3D7840B50}.Debug|Any CPU.ActiveCfg = Debug|Any CPU
		{716BFF2A-DCEA-4E41-832E-A5F3D7840B50}.Debug|Any CPU.Build.0 = Debug|Any CPU
		{716BFF2A-DCEA-4E41-832E-A5F3D7840B50}.Release|Any CPU.ActiveCfg = Release|Any CPU
		{716BFF2A-DCEA-4E41-832E-A5F3D7840B50}.Release|Any CPU.Build.0 = Release|Any CPU
		{719C750A-84D9-44A4-BC56-573B9E6E063E}.Debug|Any CPU.ActiveCfg = Debug|Any CPU
		{719C750A-84D9-44A4-BC56-573B9E6E063E}.Debug|Any CPU.Build.0 = Debug|Any CPU
		{719C750A-84D9-44A4-BC56-573B9E6E063E}.Release|Any CPU.ActiveCfg = Release|Any CPU
		{719C750A-84D9-44A4-BC56-573B9E6E063E}.Release|Any CPU.Build.0 = Release|Any CPU
	EndGlobalSection
	GlobalSection(SolutionProperties) = preSolution
		HideSolutionNode = FALSE
	EndGlobalSection
	GlobalSection(NestedProjects) = preSolution
		{4E563677-E4A9-4029-AD0C-09A4C5A9B4A6} = {1E7E1058-6165-4FCE-8F81-D59ECDFF2046}
		{13194355-DA3E-40B2-8DD4-85C4305C04EB} = {B121A647-E180-4269-B01E-E011F15A7E9F}
		{67168EB8-9364-41C4-835C-9CF67E04DBB2} = {B121A647-E180-4269-B01E-E011F15A7E9F}
		{1EB33ECB-8026-4B0A-A26D-B217309304CF} = {13194355-DA3E-40B2-8DD4-85C4305C04EB}
		{5A5546EF-D84E-4B79-8A81-61182B2BCFDF} = {13194355-DA3E-40B2-8DD4-85C4305C04EB}
		{859180E1-395C-4376-9E90-844F58A0B7C6} = {13194355-DA3E-40B2-8DD4-85C4305C04EB}
		{E728B8BC-7090-41DC-BCC4-F50606DB35C5} = {67168EB8-9364-41C4-835C-9CF67E04DBB2}
		{59A8732D-D597-4D8F-BB22-6EB1A077D76B} = {67168EB8-9364-41C4-835C-9CF67E04DBB2}
		{716BFF2A-DCEA-4E41-832E-A5F3D7840B50} = {67168EB8-9364-41C4-835C-9CF67E04DBB2}
		{719C750A-84D9-44A4-BC56-573B9E6E063E} = {B121A647-E180-4269-B01E-E011F15A7E9F}
	EndGlobalSection
	GlobalSection(ExtensibilityGlobals) = postSolution
		SolutionGuid = {5FC22EF9-CBE6-4E15-81CA-4B185BCF9641}
	EndGlobalSection
EndGlobal
